
Microsoft Visual Studio Solution File, Format Version 12.00
# Visual Studio Version 17
VisualStudioVersion = 17.14.36518.9 d17.14
MinimumVisualStudioVersion = 10.0.40219.1
Project("{FAE04EC0-301F-11D3-BF4B-00C04F79EFBC}") = "HowToUse_Class_Constractor_Method", "HowToUse_Class_Constractor_Method\HowToUse_Class_Constractor_Method.csproj", "{F7374CE7-B279-43D0-A68B-36BF24948CB3}"
EndProject
Global
	GlobalSection(SolutionConfigurationPlatforms) = preSolution
		Debug|Any CPU = Debug|Any CPU
		Release|Any CPU = Release|Any CPU
	EndGlobalSection
	GlobalSection(ProjectConfigurationPlatforms) = postSolution
		{F7374CE7-B279-43D0-A68B-36BF24948CB3}.Debug|Any CPU.ActiveCfg = Debug|Any CPU
		{F7374CE7-B279-43D0-A68B-36BF24948CB3}.Debug|Any CPU.Build.0 = Debug|Any CPU
		{F7374CE7-B279-43D0-A68B-36BF24948CB3}.Release|Any CPU.ActiveCfg = Release|Any CPU
		{F7374CE7-B279-43D0-A68B-36BF24948CB3}.Release|Any CPU.Build.0 = Release|Any CPU
	EndGlobalSection
	GlobalSection(SolutionProperties) = preSolution
		HideSolutionNode = FALSE
	EndGlobalSection
	GlobalSection(ExtensibilityGlobals) = postSolution
		SolutionGuid = {8D7D0B99-0AE1-4290-A4EE-3E5E9B883843}
	EndGlobalSection
EndGlobal
